Microsoft Visual Studio Solution File, Format Version 12.00
# Visual Studio Version 17
VisualStudioVersion = 17.5.2.0
MinimumVisualStudioVersion = 10.0.40219.1
Project("{FAE04EC0-301F-11D3-BF4B-00C04F79EFBC}") = "SecurIT_Memory", "SecurIT_Memory.csproj", "{5AF72E29-4ADC-991F-972A-C75B4F4C9D54}"
EndProject
Global
	GlobalSection(SolutionConfigurationPlatforms) = preSolution
		Debug|Any CPU = Debug|Any CPU
		Release|Any CPU = Release|Any CPU
	EndGlobalSection
	GlobalSection(ProjectConfigurationPlatforms) = postSolution
		{5AF72E29-4ADC-991F-972A-C75B4F4C9D54}.Debug|Any CPU.ActiveCfg = Debug|Any CPU
		{5AF72E29-4ADC-991F-972A-C75B4F4C9D54}.Debug|Any CPU.Build.0 = Debug|Any CPU
		{5AF72E29-4ADC-991F-972A-C75B4F4C9D54}.Release|Any CPU.ActiveCfg = Release|Any CPU
		{5AF72E29-4ADC-991F-972A-C75B4F4C9D54}.Release|Any CPU.Build.0 = Release|Any CPU
	EndGlobalSection
	GlobalSection(SolutionProperties) = preSolution
		HideSolutionNode = FALSE
	EndGlobalSection
	GlobalSection(ExtensibilityGlobals) = postSolution
		SolutionGuid = {1178D2A5-2C0D-4A90-8A8D-2338EB26FAB0}
	EndGlobalSection
EndGlobal
